
Microsoft Visual Studio Solution File, Format Version 12.00
# Visual Studio Version 16
VisualStudioVersion = 16.0.31613.86
MinimumVisualStudioVersion = 10.0.40219.1
Project("{FAE04EC0-301F-11D3-BF4B-00C04F79EFBC}") = "formsapptest", "formsapptest\formsapptest.csproj", "{77426312-7BBE-44FD-BE40-99BC962E8EEF}"
EndProject
Global
	GlobalSection(SolutionConfigurationPlatforms) = preSolution
		Debug|Any CPU = Debug|Any CPU
		Release|Any CPU = Release|Any CPU
	EndGlobalSection
	GlobalSection(ProjectConfigurationPlatforms) = postSolution
		{77426312-7BBE-44FD-BE40-99BC962E8EEF}.Debug|Any CPU.ActiveCfg = Debug|Any CPU
		{77426312-7BBE-44FD-BE40-99BC962E8EEF}.Debug|Any CPU.Build.0 = Debug|Any CPU
		{77426312-7BBE-44FD-BE40-99BC962E8EEF}.Release|Any CPU.ActiveCfg = Release|Any CPU
		{77426312-7BBE-44FD-BE40-99BC962E8EEF}.Release|Any CPU.Build.0 = Release|Any CPU
	EndGlobalSection
	GlobalSection(SolutionProperties) = preSolution
		HideSolutionNode = FALSE
	EndGlobalSection
	GlobalSection(ExtensibilityGlobals) = postSolution
		SolutionGuid = {6E29451D-F6DA-451E-A10E-C082E6D742D6}
	EndGlobalSection
EndGlobal
